{
  "name": "openpgpjs",
  "lockfileVersion": 3,
  "requires": true,
  "packages": {
    "": {
      "dependencies": {
        "openpgp": "6.3.1"
      }
    },
    "node_modules/openpgp": {
      "version": "6.3.1",
      "resolved": "https://registry.npmjs.org/openpgp/-/openpgp-6.3.1.tgz",
      "integrity": "sha512-7oSPvmlKPojxFoyelT5DWPIAVmqWZh4qU/5pO6bdoShEtRpCw9Sye9IXUQj6EFM3XpgGssqccAr705YtTcLNQw==",
      "license": "LGPL-3.0+",
      "engines": {
        "node": ">= 18.0.0",
        "typescript": ">= 5.0.0"
      },
      "peerDependencies": {
        "@openpgp/web-stream-tools": "~0.3.0"
      },
      "peerDependenciesMeta": {
        "@openpgp/web-stream-tools": {
          "optional": true
        }
      }
    }
  }
}
